{
  "name": "hull-js",
  "version": "0.5.2",
  "dependencies": {
    "chai": {
      "version": "1.5.0",
      "from": "chai@1.5.0"
    },
    "grunt-contrib-clean": {
      "version": "0.4.0",
      "from": "grunt-contrib-clean@0.4.0"
    },
    "grunt-contrib-concat": {
      "version": "0.1.2",
      "from": "grunt-contrib-concat@0.1.2"
    },
    "grunt-git-describe": {
      "version": "1.0.2",
      "from": "grunt-git-describe@git://github.com/hull/grunt-git-describe.git",
      "resolved": "git://github.com/hull/grunt-git-describe.git#ec7e284878f80bf5bfd1560057d187878315055c"
    },
    "grunt-hull-widgets": {
      "version": "0.6.0",
      "from": "grunt-hull-widgets@0.6.0",
      "resolved": "https://registry.npmjs.org/grunt-hull-widgets/-/grunt-hull-widgets-0.6.0.tgz"
    },
    "grunt-mocha": {
      "version": "0.3.1",
      "from": "grunt-mocha@0.3.1"
    },
    "grunt-plato": {
      "version": "0.2.0",
      "from": "grunt-plato@~0.2.0"
    },
    "grunt-wrap": {
      "version": "0.2.0",
      "from": "grunt-wrap@",
      "resolved": "https://registry.npmjs.org/grunt-wrap/-/grunt-wrap-0.2.0.tgz"
    },
    "sinon-chai": {
      "version": "2.3.1",
      "from": "sinon-chai@2.3.1"
    },
    "grunt-contrib-coffee": {
      "version": "0.4.0",
      "from": "grunt-contrib-coffee@0.4.0",
      "dependencies": {
        "coffee-script": {
          "version": "1.4.0",
          "from": "coffee-script@~1.4.0"
        }
      }
    },
    "grunt-contrib-requirejs": {
      "version": "0.4.0",
      "from": "grunt-contrib-requirejs@0.4.0",
      "dependencies": {
        "requirejs": {
          "version": "2.1.6",
          "from": "requirejs@~2.1.0"
        }
      }
    },
    "grunt-hull-dox": {
      "version": "0.2.1",
      "from": "grunt-hull-dox@git://github.com/hull/grunt-hull-dox.git",
      "resolved": "git://github.com/hull/grunt-hull-dox.git#2cf5e66f16b9db941fd9ebe460debccb4cccbe85",
      "dependencies": {
        "dox": {
          "version": "0.4.3",
          "from": "dox@*",
          "dependencies": {
            "github-flavored-markdown": {
              "version": "1.0.1",
              "from": "github-flavored-markdown@>= 0.0.1"
            },
            "commander": {
              "version": "0.6.1",
              "from": "commander@0.6.1"
            }
          }
        },
        "rimraf": {
          "version": "2.1.4",
          "from": "rimraf@2.x",
          "dependencies": {
            "graceful-fs": {
              "version": "1.2.1",
              "from": "graceful-fs@~1"
            }
          }
        }
      }
    },
    "grunt-lib-phantomjs": {
      "version": "0.3.0",
      "from": "grunt-lib-phantomjs@0.3.0",
      "dependencies": {
        "eventemitter2": {
          "version": "0.4.11",
          "from": "eventemitter2@~0.4.9"
        },
        "semver": {
          "version": "1.0.14",
          "from": "semver@~1.0.14"
        },
        "temporary": {
          "version": "0.0.5",
          "from": "temporary@~0.0.4",
          "dependencies": {
            "package": {
              "version": "1.0.1",
              "from": "package@>= 1.0.0 < 1.2.0"
            }
          }
        }
      }
    },
    "mocha": {
      "version": "1.8.1",
      "from": "mocha@1.8.1",
      "dependencies": {
        "commander": {
          "version": "0.6.1",
          "from": "commander@0.6.1"
        },
        "growl": {
          "version": "1.7.0",
          "from": "growl@1.7.x"
        },
        "jade": {
          "version": "0.26.3",
          "from": "jade@0.26.3",
          "dependencies": {
            "mkdirp": {
              "version": "0.3.0",
              "from": "mkdirp@0.3.0"
            }
          }
        },
        "diff": {
          "version": "1.0.2",
          "from": "diff@1.0.2"
        },
        "debug": {
          "version": "0.7.2",
          "from": "debug@*"
        },
        "mkdirp": {
          "version": "0.3.3",
          "from": "mkdirp@0.3.3"
        },
        "ms": {
          "version": "0.3.0",
          "from": "ms@0.3.0"
        }
      }
    },
    "phantomjs": {
      "version": "1.9.0-1",
      "from": "phantomjs@1.9.0-1",
      "dependencies": {
        "rimraf": {
          "version": "2.0.3",
          "from": "rimraf@~2.0.2",
          "dependencies": {
            "graceful-fs": {
              "version": "1.1.14",
              "from": "graceful-fs@~1.1"
            }
          }
        },
        "adm-zip": {
          "version": "0.2.1",
          "from": "adm-zip@0.2.1"
        }
      }
    },
    "sinon": {
      "version": "1.6.0",
      "from": "sinon@1.6.0",
      "dependencies": {
        "buster-format": {
          "version": "0.5.5",
          "from": "buster-format@~0.5",
          "dependencies": {
            "buster-core": {
              "version": "0.6.4",
              "from": "buster-core@>=0.6.2"
            }
          }
        }
      }
    },
    "coverjs": {
      "version": "0.0.14",
      "from": "coverjs@0.0.14",
      "dependencies": {
        "esprima": {
          "version": "0.9.9",
          "from": "esprima@0.9"
        },
        "escodegen": {
          "version": "0.0.22",
          "from": "escodegen@0.x",
          "dependencies": {
            "esprima": {
              "version": "1.0.3",
              "from": "esprima@~ 1.0.2"
            },
            "estraverse": {
              "version": "0.0.4",
              "from": "estraverse@~0.0.4"
            },
            "source-map": {
              "version": "0.1.22",
              "from": "source-map@>= 0.1.2",
              "dependencies": {
                "amdefine": {
                  "version": "0.0.5",
                  "from": "amdefine@>=0.0.4"
                }
              }
            }
          }
        },
        "prime": {
          "version": "0.0.5-alpha",
          "from": "prime@0.0.5-alpha"
        },
        "Supersonic": {
          "version": "0.0.6",
          "from": "Supersonic@0.x"
        },
        "mkdirp": {
          "version": "0.3.3",
          "from": "mkdirp@0.3.3"
        },
        "colors": {
          "version": "0.6.0-1",
          "from": "colors@0.6"
        }
      }
    },
    "grunt": {
      "version": "0.4.1",
      "from": "grunt@~0.4.1",
      "dependencies": {
        "async": {
          "version": "0.1.22",
          "from": "async@~0.1.22"
        },
        "coffee-script": {
          "version": "1.3.3",
          "from": "coffee-script@~1.3.3"
        },
        "colors": {
          "version": "0.6.0-1",
          "from": "colors@0.6"
        },
        "dateformat": {
          "version": "1.0.2-1.2.3",
          "from": "dateformat@1.0.2-1.2.3"
        },
        "eventemitter2": {
          "version": "0.4.11",
          "from": "eventemitter2@~0.4.9"
        },
        "findup-sync": {
          "version": "0.1.2",
          "from": "findup-sync@~0.1.0",
          "dependencies": {
            "lodash": {
              "version": "1.0.1",
              "from": "lodash@~1.0.1"
            }
          }
        },
        "glob": {
          "version": "3.1.21",
          "from": "glob@~3.1.21",
          "dependencies": {
            "graceful-fs": {
              "version": "1.2.1",
              "from": "graceful-fs@~1.2.0"
            },
            "inherits": {
              "version": "1.0.0",
              "from": "inherits@1"
            }
          }
        },
        "hooker": {
          "version": "0.2.3",
          "from": "hooker@~0.2.3"
        },
        "iconv-lite": {
          "version": "0.2.10",
          "from": "iconv-lite@~0.2.5"
        },
        "minimatch": {
          "version": "0.2.12",
          "from": "minimatch@~0.2.6",
          "dependencies": {
            "lru-cache": {
              "version": "2.3.0",
              "from": "lru-cache@2"
            },
            "sigmund": {
              "version": "1.0.0",
              "from": "sigmund@~1.0.0"
            }
          }
        },
        "nopt": {
          "version": "1.0.10",
          "from": "nopt@~1.0.10",
          "dependencies": {
            "abbrev": {
              "version": "1.0.4",
              "from": "abbrev@1"
            }
          }
        },
        "rimraf": {
          "version": "2.0.3",
          "from": "rimraf@~2.0.2",
          "dependencies": {
            "graceful-fs": {
              "version": "1.1.14",
              "from": "graceful-fs@~1.1"
            }
          }
        },
        "lodash": {
          "version": "0.9.2",
          "from": "lodash@~0.9.0"
        },
        "underscore.string": {
          "version": "2.2.0rc",
          "from": "underscore.string@~2.2.0rc"
        },
        "which": {
          "version": "1.0.5",
          "from": "which@~1.0.5"
        },
        "js-yaml": {
          "version": "2.0.5",
          "from": "js-yaml@~2.0.2",
          "dependencies": {
            "argparse": {
              "version": "0.1.15",
              "from": "argparse@~ 0.1.11",
              "dependencies": {
                "underscore": {
                  "version": "1.4.4",
                  "from": "underscore@~1.4.3"
                },
                "underscore.string": {
                  "version": "2.3.1",
                  "from": "underscore.string@~2.3.1"
                }
              }
            },
            "esprima": {
              "version": "1.0.3",
              "from": "esprima@~1.0.2"
            }
          }
        }
      }
    },
    "grunt-contrib-connect": {
      "version": "0.1.2",
      "from": "grunt-contrib-connect@0.1.2",
      "dependencies": {
        "connect": {
          "version": "2.4.6",
          "from": "connect@~2.4.4",
          "dependencies": {
            "qs": {
              "version": "0.5.1",
              "from": "qs@0.5.1"
            },
            "formidable": {
              "version": "1.0.11",
              "from": "formidable@1.0.11"
            },
            "crc": {
              "version": "0.2.0",
              "from": "crc@0.2.0"
            },
            "cookie": {
              "version": "0.0.4",
              "from": "cookie@0.0.4"
            },
            "bytes": {
              "version": "0.1.0",
              "from": "bytes@0.1.0"
            },
            "send": {
              "version": "0.0.4",
              "from": "send@0.0.4",
              "dependencies": {
                "mime": {
                  "version": "1.2.6",
                  "from": "mime@1.2.6"
                },
                "range-parser": {
                  "version": "0.0.4",
                  "from": "range-parser@0.0.4"
                }
              }
            },
            "fresh": {
              "version": "0.1.0",
              "from": "fresh@0.1.0"
            },
            "pause": {
              "version": "0.0.1",
              "from": "pause@0.0.1"
            },
            "debug": {
              "version": "0.7.2",
              "from": "debug@*"
            }
          }
        }
      }
    },
    "grunt-contrib-uglify": {
      "version": "0.1.1",
      "from": "grunt-contrib-uglify@0.1.1",
      "dependencies": {
        "gzip-js": {
          "version": "0.3.2",
          "from": "gzip-js@~0.3.1",
          "dependencies": {
            "crc32": {
              "version": "0.2.2",
              "from": "crc32@>= 0.2.2"
            },
            "deflate-js": {
              "version": "0.2.3",
              "from": "deflate-js@>= 0.2.2"
            }
          }
        },
        "uglify-js": {
          "version": "2.2.5",
          "from": "uglify-js@~2.2.1",
          "dependencies": {
            "source-map": {
              "version": "0.1.22",
              "from": "source-map@>= 0.1.2",
              "dependencies": {
                "amdefine": {
                  "version": "0.0.5",
                  "from": "amdefine@>=0.0.4"
                }
              }
            },
            "optimist": {
              "version": "0.3.7",
              "from": "optimist@~0.3.5",
              "dependencies": {
                "wordwrap": {
                  "version": "0.0.2",
                  "from": "wordwrap@~0.0.2"
                }
              }
            }
          }
        }
      }
    },
    "grunt-s3": {
      "version": "0.2.0-alpha.2",
      "from": "grunt-s3@",
      "dependencies": {
        "underscore.deferred": {
          "version": "0.1.5",
          "from": "underscore.deferred@~0.1.4"
        },
        "knox": {
          "version": "0.8.3",
          "from": "knox@0.8.x",
          "dependencies": {
            "xml2js": {
              "version": "0.2.8",
              "from": "xml2js@0.2.x",
              "dependencies": {
                "sax": {
                  "version": "0.5.4",
                  "from": "sax@0.5.x"
                }
              }
            },
            "debug": {
              "version": "0.7.2",
              "from": "debug@~0.7.0"
            },
            "stream-counter": {
              "version": "0.1.0",
              "from": "stream-counter@~0.1.0",
              "dependencies": {
                "readable-stream": {
                  "version": "1.0.2",
                  "from": "readable-stream@~1.0.2"
                }
              }
            }
          }
        },
        "mime": {
          "version": "1.2.9",
          "from": "mime@~1.2.5"
        },
        "temporary": {
          "version": "0.0.5",
          "from": "temporary@0.0.5",
          "dependencies": {
            "package": {
              "version": "1.0.1",
              "from": "package@>= 1.0.0 < 1.2.0"
            }
          }
        }
      }
    },
    "grunt-contrib-handlebars": {
      "version": "0.5.4",
      "from": "grunt-contrib-handlebars@0.5.4",
      "dependencies": {
        "handlebars": {
          "version": "1.0.12",
          "from": "handlebars@~1.0.8",
          "dependencies": {
            "optimist": {
              "version": "0.3.7",
              "from": "optimist@~0.3",
              "dependencies": {
                "wordwrap": {
                  "version": "0.0.2",
                  "from": "wordwrap@~0.0.2"
                }
              }
            },
            "uglify-js": {
              "version": "2.3.6",
              "from": "uglify-js@~2.3",
              "dependencies": {
                "async": {
                  "version": "0.2.9",
                  "from": "async@~0.2.6"
                },
                "source-map": {
                  "version": "0.1.22",
                  "from": "source-map@~0.1.7",
                  "dependencies": {
                    "amdefine": {
                      "version": "0.0.5",
                      "from": "amdefine@>=0.0.4"
                    }
                  }
                }
              }
            }
          }
        },
        "grunt-lib-contrib": {
          "version": "0.5.3",
          "from": "grunt-lib-contrib@~0.5.1",
          "dependencies": {
            "zlib-browserify": {
              "version": "0.0.1",
              "from": "zlib-browserify@0.0.1"
            }
          }
        }
      }
    },
    "grunt-contrib-watch": {
      "version": "0.2.0",
      "from": "grunt-contrib-watch@0.2.0",
      "dependencies": {
        "gaze": {
          "version": "0.3.4",
          "from": "gaze@~0.3.3",
          "dependencies": {
            "minimatch": {
              "version": "0.2.12",
              "from": "minimatch@~0.2.9",
              "dependencies": {
                "lru-cache": {
                  "version": "2.3.0",
                  "from": "lru-cache@2"
                },
                "sigmund": {
                  "version": "1.0.0",
                  "from": "sigmund@~1.0.0"
                }
              }
            },
            "fileset": {
              "version": "0.1.5",
              "from": "fileset@~0.1.5",
              "dependencies": {
                "glob": {
                  "version": "3.2.1",
                  "from": "glob@3.x",
                  "dependencies": {
                    "graceful-fs": {
                      "version": "1.2.1",
                      "from": "graceful-fs@~1.2.0"
                    },
                    "inherits": {
                      "version": "1.0.0",
                      "from": "inherits@1"
                    }
                  }
                }
              }
            }
          }
        }
      }
    },
    "grunt-coverjs": {
      "version": "0.1.0",
      "from": "grunt-coverjs@git://github.com/hull/grunt-coverjs.git",
      "resolved": "git://github.com/hull/grunt-coverjs.git#b3762420c9263efa65fb573ab3aa19947e79a3cf",
      "dependencies": {
        "coverjs": {
          "version": "0.0.7-alpha",
          "from": "coverjs@0.0.7-alpha",
          "dependencies": {
            "esprima": {
              "version": "0.9.9",
              "from": "esprima@0.9"
            },
            "escodegen": {
              "version": "0.0.22",
              "from": "escodegen@0.x",
              "dependencies": {
                "esprima": {
                  "version": "1.0.3",
                  "from": "esprima@~1.0.2"
                },
                "estraverse": {
                  "version": "0.0.4",
                  "from": "estraverse@~0.0.4"
                },
                "source-map": {
                  "version": "0.1.22",
                  "from": "source-map@>= 0.1.2",
                  "dependencies": {
                    "amdefine": {
                      "version": "0.0.5",
                      "from": "amdefine@>=0.0.4"
                    }
                  }
                }
              }
            },
            "prime": {
              "version": "0.0.5-alpha",
              "from": "prime@0.0.5-alpha"
            },
            "Supersonic": {
              "version": "0.0.6",
              "from": "Supersonic@0.x"
            },
            "mkdirp": {
              "version": "0.3.3",
              "from": "mkdirp@0.3.3"
            },
            "colors": {
              "version": "0.6.0-1",
              "from": "colors@0.6"
            }
          }
        },
        "grunt-lib-contrib": {
          "version": "0.3.1",
          "from": "grunt-lib-contrib@~0.3.0"
        }
      }
    },
    "plato": {
      "version": "0.5.0",
      "from": "plato@~0.5.0",
      "dependencies": {
        "complexity-report": {
          "version": "0.7.0",
          "from": "complexity-report@~0.7.0",
          "dependencies": {
            "check-types": {
              "version": "0.3.1",
              "from": "check-types@0.3.x"
            },
            "esprima": {
              "version": "1.0.3",
              "from": "esprima@1.0.x"
            },
            "commander": {
              "version": "1.1.1",
              "from": "commander@1.1.x",
              "dependencies": {
                "keypress": {
                  "version": "0.1.0",
                  "from": "keypress@0.1.x"
                }
              }
            }
          }
        },
        "posix-getopt": {
          "version": "1.0.0",
          "from": "posix-getopt@~1.0.0"
        },
        "lodash": {
          "version": "1.0.1",
          "from": "lodash@~1.0.1"
        },
        "fs-extra": {
          "version": "0.3.2",
          "from": "fs-extra@~0.3.2",
          "dependencies": {
            "rimraf": {
              "version": "2.0.3",
              "from": "rimraf@~2.0.2",
              "dependencies": {
                "graceful-fs": {
                  "version": "1.1.14",
                  "from": "graceful-fs@~1.1"
                }
              }
            },
            "ncp": {
              "version": "0.2.7",
              "from": "ncp@0.2.x"
            },
            "mkdirp": {
              "version": "0.3.5",
              "from": "mkdirp@0.3.x"
            },
            "jsonfile": {
              "version": "0.0.1",
              "from": "jsonfile@0.0.x"
            }
          }
        },
        "jshint": {
          "version": "1.1.0",
          "from": "jshint@~1.1.0",
          "dependencies": {
            "esprima": {
              "version": "1.1.0-dev",
              "from": "https://github.com/ariya/esprima/tarball/master",
              "resolved": "https://github.com/ariya/esprima/tarball/master"
            },
            "shelljs": {
              "version": "0.1.4",
              "from": "shelljs@0.1.x"
            },
            "underscore": {
              "version": "1.4.4",
              "from": "underscore@1.4.x"
            },
            "peakle": {
              "version": "0.0.1",
              "from": "peakle@0.0.x"
            },
            "cli": {
              "version": "0.4.4-2",
              "from": "cli@0.4.x",
              "dependencies": {
                "glob": {
                  "version": "3.2.1",
                  "from": "glob@>= 3.1.4",
                  "dependencies": {
                    "graceful-fs": {
                      "version": "1.2.1",
                      "from": "graceful-fs@~1.2.0"
                    },
                    "inherits": {
                      "version": "1.0.0",
                      "from": "inherits@1"
                    }
                  }
                }
              }
            },
            "minimatch": {
              "version": "0.2.12",
              "from": "minimatch@0.x.x",
              "dependencies": {
                "lru-cache": {
                  "version": "2.3.0",
                  "from": "lru-cache@2"
                },
                "sigmund": {
                  "version": "1.0.0",
                  "from": "sigmund@~1.0.0"
                }
              }
            }
          }
        }
      }
    },
    "bower": {
      "version": "0.9.2",
      "from": "bower@~0.9",
      "dependencies": {
        "abbrev": {
          "version": "1.0.4",
          "from": "abbrev@~1.0.4"
        },
        "archy": {
          "version": "0.0.2",
          "from": "archy@~0.0.2"
        },
        "async": {
          "version": "0.2.9",
          "from": "async@~0.2.5"
        },
        "colors": {
          "version": "0.6.0-1",
          "from": "colors@~0.6.0-1"
        },
        "fstream": {
          "version": "0.1.22",
          "from": "fstream@~0.1.19",
          "dependencies": {
            "graceful-fs": {
              "version": "1.2.1",
              "from": "graceful-fs@~1.2.0"
            },
            "inherits": {
              "version": "1.0.0",
              "from": "inherits@~1.0.0"
            }
          }
        },
        "glob": {
          "version": "3.1.21",
          "from": "glob@~3.1.14",
          "dependencies": {
            "minimatch": {
              "version": "0.2.12",
              "from": "minimatch@~0.2.11",
              "dependencies": {
                "lru-cache": {
                  "version": "2.3.0",
                  "from": "lru-cache@2"
                },
                "sigmund": {
                  "version": "1.0.0",
                  "from": "sigmund@~1.0.0"
                }
              }
            },
            "graceful-fs": {
              "version": "1.2.1",
              "from": "graceful-fs@~1.2.0"
            },
            "inherits": {
              "version": "1.0.0",
              "from": "inherits@1"
            }
          }
        },
        "hogan.js": {
          "version": "2.0.0",
          "from": "hogan.js@~2.0.0"
        },
        "lodash": {
          "version": "1.0.1",
          "from": "lodash@~1.0.1"
        },
        "mkdirp": {
          "version": "0.3.5",
          "from": "mkdirp@~0.3.4"
        },
        "nopt": {
          "version": "2.0.0",
          "from": "nopt@~2.0.0"
        },
        "promptly": {
          "version": "0.1.0",
          "from": "promptly@~0.1.0",
          "dependencies": {
            "read": {
              "version": "1.0.4",
              "from": "read@~1.0.4",
              "dependencies": {
                "mute-stream": {
                  "version": "0.0.3",
                  "from": "mute-stream@~0.0.2"
                }
              }
            }
          }
        },
        "rc": {
          "version": "0.0.8",
          "from": "rc@~0.0.6",
          "dependencies": {
            "config-chain": {
              "version": "0.3.4",
              "from": "config-chain@~0.3",
              "dependencies": {
                "proto-list": {
                  "version": "1.2.2",
                  "from": "proto-list@1"
                },
                "ini": {
                  "version": "1.0.5",
                  "from": "ini@~1.0.2"
                }
              }
            },
            "optimist": {
              "version": "0.3.7",
              "from": "optimist@~0.3.4",
              "dependencies": {
                "wordwrap": {
                  "version": "0.0.2",
                  "from": "wordwrap@~0.0.2"
                }
              }
            }
          }
        },
        "read-package-json": {
          "version": "0.1.13",
          "from": "read-package-json@~0.1.8",
          "dependencies": {
            "lru-cache": {
              "version": "2.0.4",
              "from": "lru-cache@~2.0.0"
            },
            "slide": {
              "version": "1.1.4",
              "from": "slide@~1.1.3"
            },
            "npmlog": {
              "version": "0.0.2",
              "from": "npmlog@0",
              "dependencies": {
                "ansi": {
                  "version": "0.1.2",
                  "from": "ansi@~0.1.2"
                }
              }
            },
            "graceful-fs": {
              "version": "1.2.1",
              "from": "graceful-fs@~1.2"
            }
          }
        },
        "request": {
          "version": "2.11.4",
          "from": "request@~2.11.4",
          "dependencies": {
            "form-data": {
              "version": "0.0.3",
              "from": "form-data",
              "dependencies": {
                "combined-stream": {
                  "version": "0.0.3",
                  "from": "combined-stream@0.0.3",
                  "dependencies": {
                    "delayed-stream": {
                      "version": "0.0.5",
                      "from": "delayed-stream@0.0.5"
                    }
                  }
                },
                "async": {
                  "version": "0.1.9",
                  "from": "async@0.1.9"
                }
              }
            },
            "mime": {
              "version": "1.2.7",
              "from": "mime"
            }
          }
        },
        "rimraf": {
          "version": "2.0.3",
          "from": "rimraf@~2.0.3",
          "dependencies": {
            "graceful-fs": {
              "version": "1.1.14",
              "from": "graceful-fs@~1.1"
            }
          }
        },
        "semver": {
          "version": "1.1.4",
          "from": "semver@~1.1.0"
        },
        "stable": {
          "version": "0.1.3",
          "from": "stable@~0.1.2"
        },
        "tar": {
          "version": "0.1.17",
          "from": "tar@~0.1.13",
          "dependencies": {
            "inherits": {
              "version": "1.0.0",
              "from": "inherits@1.x"
            },
            "block-stream": {
              "version": "0.0.6",
              "from": "block-stream@*"
            }
          }
        },
        "tmp": {
          "version": "0.0.20",
          "from": "tmp@~0.0.17"
        },
        "unzip": {
          "version": "0.1.7",
          "from": "unzip@0.1.7",
          "dependencies": {
            "pullstream": {
              "version": "0.4.0",
              "from": "pullstream@~0.4.0",
              "dependencies": {
                "over": {
                  "version": "0.0.5",
                  "from": "over@~0.0.5"
                },
                "slice-stream": {
                  "version": "0.0.0",
                  "from": "slice-stream@0.0.0"
                }
              }
            },
            "binary": {
              "version": "0.3.0",
              "from": "binary@~0.3.0",
              "dependencies": {
                "chainsaw": {
                  "version": "0.1.0",
                  "from": "chainsaw@~0.1.0",
                  "dependencies": {
                    "traverse": {
                      "version": "0.3.9",
                      "from": "traverse@>=0.3.0 <0.4"
                    }
                  }
                },
                "buffers": {
                  "version": "0.1.1",
                  "from": "buffers@~0.1.1"
                }
              }
            },
            "readable-stream": {
              "version": "1.0.2",
              "from": "readable-stream@~1.0.0"
            },
            "setimmediate": {
              "version": "1.0.1",
              "from": "setimmediate@~1.0.1"
            },
            "match-stream": {
              "version": "0.0.1",
              "from": "match-stream@0.0.1",
              "dependencies": {
                "buffers": {
                  "version": "0.1.1",
                  "from": "buffers@~0.1.1"
                }
              }
            }
          }
        },
        "update-notifier": {
          "version": "0.1.3",
          "from": "update-notifier@~0.1.3",
          "dependencies": {
            "request": {
              "version": "2.12.0",
              "from": "request@~2.12.0",
              "dependencies": {
                "form-data": {
                  "version": "0.0.3",
                  "from": "form-data",
                  "dependencies": {
                    "combined-stream": {
                      "version": "0.0.3",
                      "from": "combined-stream@0.0.3",
                      "dependencies": {
                        "delayed-stream": {
                          "version": "0.0.5",
                          "from": "delayed-stream@0.0.5"
                        }
                      }
                    },
                    "async": {
                      "version": "0.1.9",
                      "from": "async@0.1.9"
                    }
                  }
                },
                "mime": {
                  "version": "1.2.7",
                  "from": "mime"
                }
              }
            },
            "configstore": {
              "version": "0.1.2",
              "from": "configstore@~0.1.0",
              "dependencies": {
                "lodash": {
                  "version": "1.2.1",
                  "from": "lodash@~1.2.1"
                },
                "yamljs": {
                  "version": "0.1.4",
                  "from": "yamljs@~0.1.4",
                  "dependencies": {
                    "argparse": {
                      "version": "0.1.15",
                      "from": "argparse@~0.1.4",
                      "dependencies": {
                        "underscore": {
                          "version": "1.4.4",
                          "from": "underscore@~1.4.3"
                        },
                        "underscore.string": {
                          "version": "2.3.1",
                          "from": "underscore.string@~2.3.1"
                        }
                      }
                    }
                  }
                }
              }
            }
          }
        }
      }
    }
  }
}
